
Microsoft Visual Studio Solution File, Format Version 12.00
# Visual Studio 14
VisualStudioVersion = 14.0.25420.1
MinimumVisualStudioVersion = 10.0.40219.1
Project("{FAE04EC0-301F-11D3-BF4B-00C04F79EFBC}") = "STAN.Client", "net45\STAN.CLIENT\STAN.Client.csproj", "{A92ECD64-3BA4-4AB2-BD58-5E4D97AF972C}"
EndProject
Project("{FAE04EC0-301F-11D3-BF4B-00C04F79EFBC}") = "STAN.Client.UnitTests", "net45\STAN.Client.UnitTests\STAN.Client.UnitTests.csproj", "{72E03EF2-C7AF-49EA-B6E0-1FB8E3204053}"
EndProject
Project("{FAE04EC0-301F-11D3-BF4B-00C04F79EFBC}") = "stan-sub", "net45\examples\stan-sub\stan-sub.csproj", "{F74C9C78-1CE9-440B-A276-8B4FE46BF3E5}"
EndProject
Project("{FAE04EC0-301F-11D3-BF4B-00C04F79EFBC}") = "stan-pub", "net45\examples\stan-pub\stan-pub.csproj", "{7E321D88-4117-456D-B9CF-03F2042D608D}"
EndProject
Global
	GlobalSection(SolutionConfigurationPlatforms) = preSolution
		Debug|Any CPU = Debug|Any CPU
		Release|Any CPU = Release|Any CPU
	EndGlobalSection
	GlobalSection(ProjectConfigurationPlatforms) = postSolution
		{A92ECD64-3BA4-4AB2-BD58-5E4D97AF972C}.Debug|Any CPU.ActiveCfg = Debug|Any CPU
		{A92ECD64-3BA4-4AB2-BD58-5E4D97AF972C}.Debug|Any CPU.Build.0 = Debug|Any CPU
		{A92ECD64-3BA4-4AB2-BD58-5E4D97AF972C}.Release|Any CPU.ActiveCfg = Release|Any CPU
		{A92ECD64-3BA4-4AB2-BD58-5E4D97AF972C}.Release|Any CPU.Build.0 = Release|Any CPU
		{72E03EF2-C7AF-49EA-B6E0-1FB8E3204053}.Debug|Any CPU.ActiveCfg = Debug|Any CPU
		{72E03EF2-C7AF-49EA-B6E0-1FB8E3204053}.Debug|Any CPU.Build.0 = Debug|Any CPU
		{72E03EF2-C7AF-49EA-B6E0-1FB8E3204053}.Release|Any CPU.ActiveCfg = Release|Any CPU
		{72E03EF2-C7AF-49EA-B6E0-1FB8E3204053}.Release|Any CPU.Build.0 = Release|Any CPU
		{F74C9C78-1CE9-440B-A276-8B4FE46BF3E5}.Debug|Any CPU.ActiveCfg = Debug|Any CPU
		{F74C9C78-1CE9-440B-A276-8B4FE46BF3E5}.Debug|Any CPU.Build.0 = Debug|Any CPU
		{F74C9C78-1CE9-440B-A276-8B4FE46BF3E5}.Release|Any CPU.ActiveCfg = Release|Any CPU
		{F74C9C78-1CE9-440B-A276-8B4FE46BF3E5}.Release|Any CPU.Build.0 = Release|Any CPU
		{7E321D88-4117-456D-B9CF-03F2042D608D}.Debug|Any CPU.ActiveCfg = Debug|Any CPU
		{7E321D88-4117-456D-B9CF-03F2042D608D}.Debug|Any CPU.Build.0 = Debug|Any CPU
		{7E321D88-4117-456D-B9CF-03F2042D608D}.Release|Any CPU.ActiveCfg = Release|Any CPU
		{7E321D88-4117-456D-B9CF-03F2042D608D}.Release|Any CPU.Build.0 = Release|Any CPU
	EndGlobalSection
	GlobalSection(SolutionProperties) = preSolution
		HideSolutionNode = FALSE
	EndGlobalSection
EndGlobal
